
Microsoft Visual Studio Solution File, Format Version 12.00
# Visual Studio Version 16
VisualStudioVersion = 25.0.1705.0
MinimumVisualStudioVersion = 10.0.40219.1
Project("{FAE04EC0-301F-11D3-BF4B-00C04F79EFBC}") = "sharpDolg", "sharpDolg\sharpDolg.csproj", "{F863CEBA-C8D4-473D-9F90-9E2A63B9D9D1}"
EndProject
Global
	GlobalSection(SolutionConfigurationPlatforms) = preSolution
		Debug|Any CPU = Debug|Any CPU
		Release|Any CPU = Release|Any CPU
	EndGlobalSection
	GlobalSection(ProjectConfigurationPlatforms) = postSolution
		{F863CEBA-C8D4-473D-9F90-9E2A63B9D9D1}.Debug|Any CPU.ActiveCfg = Debug|Any CPU
		{F863CEBA-C8D4-473D-9F90-9E2A63B9D9D1}.Debug|Any CPU.Build.0 = Debug|Any CPU
		{F863CEBA-C8D4-473D-9F90-9E2A63B9D9D1}.Release|Any CPU.ActiveCfg = Release|Any CPU
		{F863CEBA-C8D4-473D-9F90-9E2A63B9D9D1}.Release|Any CPU.Build.0 = Release|Any CPU
	EndGlobalSection
	GlobalSection(SolutionProperties) = preSolution
		HideSolutionNode = FALSE
	EndGlobalSection
	GlobalSection(ExtensibilityGlobals) = postSolution
		SolutionGuid = {7CDA3B24-4366-4C55-8AFA-3392A249FDFA}
	EndGlobalSection
EndGlobal
